{
  "version": 4,
  "terraform_version": "1.8.2",
  "serial": 89,
  "lineage": "08189e16-c7f2-d251-90d8-a300571640b1",
  "outputs": {
    "public_ip_address": {
      "value": "dev-machine: ",
      "type": "string"
    }
  },
  "resources": [
    {
      "mode": "data",
      "type": "azurerm_public_ip",
      "name": "Deep-ip-data",
      "provider": "provider[\"registry.terraform.io/hashicorp/azurerm\"]",
      "instances": [
        {
          "schema_version": 0,
          "attributes": {
            "allocation_method": "Dynamic",
            "ddos_protection_mode": "VirtualNetworkInherited",
            "ddos_protection_plan_id": null,
            "domain_name_label": "",
            "fqdn": "",
            "id": "/subscriptions/877089d5-1531-45f7-959d-c56288a5bc1e/resourceGroups/az-tf-rg/providers/Microsoft.Network/publicIPAddresses/dev-vm-ip",
            "idle_timeout_in_minutes": 4,
            "ip_address": "",
            "ip_tags": {},
            "ip_version": "IPv4",
            "location": "eastus",
            "name": "dev-vm-ip",
            "resource_group_name": "az-tf-rg",
            "reverse_fqdn": "",
            "sku": "Basic",
            "tags": {
              "environment": "dev"
            },
            "timeouts": null,
            "zones": []
          },
          "sensitive_attributes": []
        }
      ]
    },
    {
      "mode": "managed",
      "type": "azurerm_linux_virtual_machine",
      "name": "Deep-vm",
      "provider": "provider[\"registry.terraform.io/hashicorp/azurerm\"]",
      "instances": [
        {
          "schema_version": 0,
          "attributes": {
            "additional_capabilities": [],
            "admin_password": null,
            "admin_ssh_key": [
              {
                "public_key": "ssh-rsa AAAAB3NzaC1yc2EAAAADAQABAAABgQCxzMTCYRK/eRukVy77Ss/8CVcLJ3ZrmsmAcYZLC4sJpBgxlgNwL7itU5UsAjYdRKQFBid5Wevxc7hHf8w+X4Df6dqax9dhsvag78UZxsswZBGt2yCD0rCbtBaw6P8Mps7xrBGbTUtkx6zmLzCL3fJrW66wM97TIlD/VCRi0p5+2EqR0uzZNDfrmVKED33eYSHMZS+ZzWD5sYdrnfJNSGr+Fwhlbw7+rnK6Iuwi5skqwOltAGDJkGm8xkoUQGsMHChTznDLSiYovE0owT0oTc3BcUAu/eriPYUhwJG1se7YKqvW4tnLFl4rWs0LOLYt/PQBe9nqEuLbbUgK+Iafumf5Ix0LXmE6FNh2ENcwCFWvM3Ng3/RUmnvLuiP7ar9z/HNylefe5vXb9z/uoTbNEyuttJLqa+8WWJAw/qb4Ek07eyAq6BGYCzptf8bqkh/N7LGY40SsPVReh5T8v5wPUd8z+U7fCW0w0yusUvjIrjJ8tVuLu05PweHfJ7brddWTeT8= deepg@Deep\r\n",
                "username": "adminuser"
              }
            ],
            "admin_username": "adminuser",
            "allow_extension_operations": true,
            "availability_set_id": "",
            "boot_diagnostics": [],
            "bypass_platform_safety_checks_on_user_schedule_enabled": false,
            "capacity_reservation_group_id": "",
            "computer_name": "dev-machine",
            "custom_data": "IyEvYmluL2Jhc2gNCnN1ZG8gYXB0LWdldCB1cGRhdGUgLXkgJiYNCnN1ZG8gYXB0LWdldCBpbnN0YWxsIC15IFwNCmFwdC10cmFuc3BvcnQtaHR0cHMgXA0KY2EtY2VydGlmaWNhdGVzIFwNCmN1cmwgXA0KZ251cGctYWdlbnQgXA0Kc29mdHdhcmUtcHJvcGVydGllcy1jb21tb24gJiYNCmN1cmwgLWZzU0wgaHR0cHM6Ly9kb3dubG9hZC5kb2NrZXIuY29tL2xpbnV4L3VidW50dS9ncGcgfCBzdWRvIGFwdC1rZXkgYWRkIC0gJiYNCnN1ZG8gYWRkLWFwdC1yZXBvc2l0b3J5ICJkZWIgW2FyY2g9YW1kNjRdIGh0dHBzOi8vZG93bmxvYWQuZG9ja2VyLmNvbS9saW51eC91YnVudHUgJChsc2JfcmVsZWFzZSAtY3MpIHN0YWJsZSIgJiYNCnN1ZG8gYXB0LWdldCB1cGRhdGUgLXkgJiYNCnN1ZG8gc3VkbyBhcHQtZ2V0IGluc3RhbGwgZG9ja2VyLWNlIGRvY2tlci1jZS1jbGkgY29udGFpbmVyZC5pbyAteSAmJg0Kc3VkbyB1c2VybW9kIC1hRyBkb2NrZXIgYWRtaW51c2Vy",
            "dedicated_host_group_id": "",
            "dedicated_host_id": "",
            "disable_password_authentication": true,
            "disk_controller_type": "",
            "edge_zone": "",
            "encryption_at_host_enabled": false,
            "eviction_policy": "",
            "extensions_time_budget": "PT1H30M",
            "gallery_application": [],
            "id": "/subscriptions/877089d5-1531-45f7-959d-c56288a5bc1e/resourceGroups/az-tf-rg/providers/Microsoft.Compute/virtualMachines/dev-machine",
            "identity": [],
            "license_type": "",
            "location": "eastus",
            "max_bid_price": -1,
            "name": "dev-machine",
            "network_interface_ids": [
              "/subscriptions/877089d5-1531-45f7-959d-c56288a5bc1e/resourceGroups/az-tf-rg/providers/Microsoft.Network/networkInterfaces/dev-nic"
            ],
            "os_disk": [
              {
                "caching": "ReadWrite",
                "diff_disk_settings": [],
                "disk_encryption_set_id": "",
                "disk_size_gb": 30,
                "name": "dev-machine_disk1_6369dee7132b48df81ee0373aebaa703",
                "secure_vm_disk_encryption_set_id": "",
                "security_encryption_type": "",
                "storage_account_type": "Standard_LRS",
                "write_accelerator_enabled": false
              }
            ],
            "os_image_notification": [],
            "patch_assessment_mode": "ImageDefault",
            "patch_mode": "ImageDefault",
            "plan": [],
            "platform_fault_domain": -1,
            "priority": "Regular",
            "private_ip_address": "10.123.1.4",
            "private_ip_addresses": [
              "10.123.1.4"
            ],
            "provision_vm_agent": true,
            "proximity_placement_group_id": "",
            "public_ip_address": "23.96.118.164",
            "public_ip_addresses": [
              "23.96.118.164"
            ],
            "reboot_setting": "",
            "resource_group_name": "az-tf-rg",
            "secret": [],
            "secure_boot_enabled": false,
            "size": "Standard_B1s",
            "source_image_id": "",
            "source_image_reference": [
              {
                "offer": "UbuntuServer",
                "publisher": "Canonical",
                "sku": "18.04-LTS",
                "version": "latest"
              }
            ],
            "tags": {
              "environment": "dev"
            },
            "termination_notification": null,
            "timeouts": null,
            "user_data": "",
            "virtual_machine_id": "57c65139-d3f3-43af-b864-a63045df26f9",
            "virtual_machine_scale_set_id": "",
            "vm_agent_platform_updates_enabled": false,
            "vtpm_enabled": false,
            "zone": ""
          },
          "sensitive_attributes": [
            [
              {
                "type": "get_attr",
                "value": "custom_data"
              }
            ],
            [
              {
                "type": "get_attr",
                "value": "admin_password"
              }
            ]
          ],
          "private": "eyJlMmJmYjczMC1lY2FhLTExZTYtOGY4OC0zNDM2M2JjN2M0YzAiOnsiY3JlYXRlIjoyNzAwMDAwMDAwMDAwLCJkZWxldGUiOjI3MDAwMDAwMDAwMDAsInJlYWQiOjMwMDAwMDAwMDAwMCwidXBkYXRlIjoyNzAwMDAwMDAwMDAwfX0=",
          "dependencies": [
            "azurerm_network_interface.Deep-NIC",
            "azurerm_public_ip.Deep-ip",
            "azurerm_resource_group.Deep-rg",
            "azurerm_subnet.Deep-subnet",
            "azurerm_virtual_network.Deep-vnet"
          ]
        }
      ]
    },
    {
      "mode": "managed",
      "type": "azurerm_network_interface",
      "name": "Deep-NIC",
      "provider": "provider[\"registry.terraform.io/hashicorp/azurerm\"]",
      "instances": [
        {
          "schema_version": 0,
          "attributes": {
            "applied_dns_servers": [],
            "auxiliary_mode": "",
            "auxiliary_sku": "",
            "dns_servers": [],
            "edge_zone": "",
            "enable_accelerated_networking": false,
            "enable_ip_forwarding": false,
            "id": "/subscriptions/877089d5-1531-45f7-959d-c56288a5bc1e/resourceGroups/az-tf-rg/providers/Microsoft.Network/networkInterfaces/dev-nic",
            "internal_dns_name_label": "",
            "internal_domain_name_suffix": "xckdzcbh0aherpck5llrxekeue.bx.internal.cloudapp.net",
            "ip_configuration": [
              {
                "gateway_load_balancer_frontend_ip_configuration_id": "",
                "name": "internal",
                "primary": true,
                "private_ip_address": "10.123.1.4",
                "private_ip_address_allocation": "Dynamic",
                "private_ip_address_version": "IPv4",
                "public_ip_address_id": "/subscriptions/877089d5-1531-45f7-959d-c56288a5bc1e/resourceGroups/az-tf-rg/providers/Microsoft.Network/publicIPAddresses/dev-vm-ip",
                "subnet_id": "/subscriptions/877089d5-1531-45f7-959d-c56288a5bc1e/resourceGroups/az-tf-rg/providers/Microsoft.Network/virtualNetworks/dev-network/subnets/dev-subnet"
              }
            ],
            "location": "eastus",
            "mac_address": "",
            "name": "dev-nic",
            "private_ip_address": "10.123.1.4",
            "private_ip_addresses": [
              "10.123.1.4"
            ],
            "resource_group_name": "az-tf-rg",
            "tags": {
              "environment": "dev"
            },
            "timeouts": null,
            "virtual_machine_id": ""
          },
          "sensitive_attributes": [],
          "private": "eyJlMmJmYjczMC1lY2FhLTExZTYtOGY4OC0zNDM2M2JjN2M0YzAiOnsiY3JlYXRlIjoxODAwMDAwMDAwMDAwLCJkZWxldGUiOjE4MDAwMDAwMDAwMDAsInJlYWQiOjMwMDAwMDAwMDAwMCwidXBkYXRlIjoxODAwMDAwMDAwMDAwfX0=",
          "dependencies": [
            "azurerm_public_ip.Deep-ip",
            "azurerm_resource_group.Deep-rg",
            "azurerm_subnet.Deep-subnet",
            "azurerm_virtual_network.Deep-vnet"
          ]
        }
      ]
    },
    {
      "mode": "managed",
      "type": "azurerm_network_security_group",
      "name": "Deep-NSG",
      "provider": "provider[\"registry.terraform.io/hashicorp/azurerm\"]",
      "instances": [
        {
          "schema_version": 0,
          "attributes": {
            "id": "/subscriptions/877089d5-1531-45f7-959d-c56288a5bc1e/resourceGroups/az-tf-rg/providers/Microsoft.Network/networkSecurityGroups/dev-nsg",
            "location": "eastus",
            "name": "dev-nsg",
            "resource_group_name": "az-tf-rg",
            "security_rule": [],
            "tags": {
              "environment": "dev"
            },
            "timeouts": null
          },
          "sensitive_attributes": [],
          "private": "eyJlMmJmYjczMC1lY2FhLTExZTYtOGY4OC0zNDM2M2JjN2M0YzAiOnsiY3JlYXRlIjoxODAwMDAwMDAwMDAwLCJkZWxldGUiOjE4MDAwMDAwMDAwMDAsInJlYWQiOjMwMDAwMDAwMDAwMCwidXBkYXRlIjoxODAwMDAwMDAwMDAwfX0=",
          "dependencies": [
            "azurerm_resource_group.Deep-rg"
          ]
        }
      ]
    },
    {
      "mode": "managed",
      "type": "azurerm_network_security_rule",
      "name": "Deep-dev-rule",
      "provider": "provider[\"registry.terraform.io/hashicorp/azurerm\"]",
      "instances": [
        {
          "schema_version": 0,
          "attributes": {
            "access": "Allow",
            "description": "",
            "destination_address_prefix": "*",
            "destination_address_prefixes": null,
            "destination_application_security_group_ids": null,
            "destination_port_range": "*",
            "destination_port_ranges": null,
            "direction": "Inbound",
            "id": "/subscriptions/877089d5-1531-45f7-959d-c56288a5bc1e/resourceGroups/az-tf-rg/providers/Microsoft.Network/networkSecurityGroups/dev-nsg/securityRules/dev-secrule",
            "name": "dev-secrule",
            "network_security_group_name": "dev-nsg",
            "priority": 100,
            "protocol": "*",
            "resource_group_name": "az-tf-rg",
            "source_address_prefix": "*",
            "source_address_prefixes": null,
            "source_application_security_group_ids": null,
            "source_port_range": "*",
            "source_port_ranges": null,
            "timeouts": null
          },
          "sensitive_attributes": [],
          "private": "eyJlMmJmYjczMC1lY2FhLTExZTYtOGY4OC0zNDM2M2JjN2M0YzAiOnsiY3JlYXRlIjoxODAwMDAwMDAwMDAwLCJkZWxldGUiOjE4MDAwMDAwMDAwMDAsInJlYWQiOjMwMDAwMDAwMDAwMCwidXBkYXRlIjoxODAwMDAwMDAwMDAwfX0=",
          "dependencies": [
            "azurerm_network_security_group.Deep-NSG",
            "azurerm_resource_group.Deep-rg"
          ]
        }
      ]
    },
    {
      "mode": "managed",
      "type": "azurerm_public_ip",
      "name": "Deep-ip",
      "provider": "provider[\"registry.terraform.io/hashicorp/azurerm\"]",
      "instances": [
        {
          "schema_version": 0,
          "attributes": {
            "allocation_method": "Dynamic",
            "ddos_protection_mode": "VirtualNetworkInherited",
            "ddos_protection_plan_id": null,
            "domain_name_label": null,
            "edge_zone": "",
            "fqdn": null,
            "id": "/subscriptions/877089d5-1531-45f7-959d-c56288a5bc1e/resourceGroups/az-tf-rg/providers/Microsoft.Network/publicIPAddresses/dev-vm-ip",
            "idle_timeout_in_minutes": 4,
            "ip_address": "",
            "ip_tags": null,
            "ip_version": "IPv4",
            "location": "eastus",
            "name": "dev-vm-ip",
            "public_ip_prefix_id": null,
            "resource_group_name": "az-tf-rg",
            "reverse_fqdn": null,
            "sku": "Basic",
            "sku_tier": "Regional",
            "tags": {
              "environment": "dev"
            },
            "timeouts": null,
            "zones": null
          },
          "sensitive_attributes": [],
          "private": "eyJlMmJmYjczMC1lY2FhLTExZTYtOGY4OC0zNDM2M2JjN2M0YzAiOnsiY3JlYXRlIjoxODAwMDAwMDAwMDAwLCJkZWxldGUiOjE4MDAwMDAwMDAwMDAsInJlYWQiOjMwMDAwMDAwMDAwMCwidXBkYXRlIjoxODAwMDAwMDAwMDAwfX0=",
          "dependencies": [
            "azurerm_resource_group.Deep-rg"
          ]
        }
      ]
    },
    {
      "mode": "managed",
      "type": "azurerm_resource_group",
      "name": "Deep-rg",
      "provider": "provider[\"registry.terraform.io/hashicorp/azurerm\"]",
      "instances": [
        {
          "schema_version": 0,
          "attributes": {
            "id": "/subscriptions/877089d5-1531-45f7-959d-c56288a5bc1e/resourceGroups/az-tf-rg",
            "location": "eastus",
            "managed_by": "",
            "name": "az-tf-rg",
            "tags": {
              "environment": "dev"
            },
            "timeouts": null
          },
          "sensitive_attributes": [],
          "private": "eyJlMmJmYjczMC1lY2FhLTExZTYtOGY4OC0zNDM2M2JjN2M0YzAiOnsiY3JlYXRlIjo1NDAwMDAwMDAwMDAwLCJkZWxldGUiOjU0MDAwMDAwMDAwMDAsInJlYWQiOjMwMDAwMDAwMDAwMCwidXBkYXRlIjo1NDAwMDAwMDAwMDAwfX0="
        }
      ]
    },
    {
      "mode": "managed",
      "type": "azurerm_subnet",
      "name": "Deep-subnet",
      "provider": "provider[\"registry.terraform.io/hashicorp/azurerm\"]",
      "instances": [
        {
          "schema_version": 0,
          "attributes": {
            "address_prefixes": [
              "10.123.1.0/24"
            ],
            "delegation": [],
            "enforce_private_link_endpoint_network_policies": false,
            "enforce_private_link_service_network_policies": false,
            "id": "/subscriptions/877089d5-1531-45f7-959d-c56288a5bc1e/resourceGroups/az-tf-rg/providers/Microsoft.Network/virtualNetworks/dev-network/subnets/dev-subnet",
            "name": "dev-subnet",
            "private_endpoint_network_policies_enabled": true,
            "private_link_service_network_policies_enabled": true,
            "resource_group_name": "az-tf-rg",
            "service_endpoint_policy_ids": null,
            "service_endpoints": null,
            "timeouts": null,
            "virtual_network_name": "dev-network"
          },
          "sensitive_attributes": [],
          "private": "eyJlMmJmYjczMC1lY2FhLTExZTYtOGY4OC0zNDM2M2JjN2M0YzAiOnsiY3JlYXRlIjoxODAwMDAwMDAwMDAwLCJkZWxldGUiOjE4MDAwMDAwMDAwMDAsInJlYWQiOjMwMDAwMDAwMDAwMCwidXBkYXRlIjoxODAwMDAwMDAwMDAwfX0=",
          "dependencies": [
            "azurerm_resource_group.Deep-rg",
            "azurerm_virtual_network.Deep-vnet"
          ]
        }
      ]
    },
    {
      "mode": "managed",
      "type": "azurerm_subnet_network_security_group_association",
      "name": "Deep-sg-a",
      "provider": "provider[\"registry.terraform.io/hashicorp/azurerm\"]",
      "instances": [
        {
          "schema_version": 0,
          "attributes": {
            "id": "/subscriptions/877089d5-1531-45f7-959d-c56288a5bc1e/resourceGroups/az-tf-rg/providers/Microsoft.Network/virtualNetworks/dev-network/subnets/dev-subnet",
            "network_security_group_id": "/subscriptions/877089d5-1531-45f7-959d-c56288a5bc1e/resourceGroups/az-tf-rg/providers/Microsoft.Network/networkSecurityGroups/dev-nsg",
            "subnet_id": "/subscriptions/877089d5-1531-45f7-959d-c56288a5bc1e/resourceGroups/az-tf-rg/providers/Microsoft.Network/virtualNetworks/dev-network/subnets/dev-subnet",
            "timeouts": null
          },
          "sensitive_attributes": [],
          "private": "eyJlMmJmYjczMC1lY2FhLTExZTYtOGY4OC0zNDM2M2JjN2M0YzAiOnsiY3JlYXRlIjoxODAwMDAwMDAwMDAwLCJkZWxldGUiOjE4MDAwMDAwMDAwMDAsInJlYWQiOjMwMDAwMDAwMDAwMH19",
          "dependencies": [
            "azurerm_network_security_group.Deep-NSG",
            "azurerm_resource_group.Deep-rg",
            "azurerm_subnet.Deep-subnet",
            "azurerm_virtual_network.Deep-vnet"
          ]
        }
      ]
    },
    {
      "mode": "managed",
      "type": "azurerm_virtual_network",
      "name": "Deep-vnet",
      "provider": "provider[\"registry.terraform.io/hashicorp/azurerm\"]",
      "instances": [
        {
          "schema_version": 0,
          "attributes": {
            "address_space": [
              "10.123.0.0/16"
            ],
            "bgp_community": "",
            "ddos_protection_plan": [],
            "dns_servers": [],
            "edge_zone": "",
            "encryption": [],
            "flow_timeout_in_minutes": 0,
            "guid": "883c94b8-d027-480e-bc4a-fad71b9144a4",
            "id": "/subscriptions/877089d5-1531-45f7-959d-c56288a5bc1e/resourceGroups/az-tf-rg/providers/Microsoft.Network/virtualNetworks/dev-network",
            "location": "eastus",
            "name": "dev-network",
            "resource_group_name": "az-tf-rg",
            "subnet": [],
            "tags": {
              "environment": "dev"
            },
            "timeouts": null
          },
          "sensitive_attributes": [],
          "private": "eyJlMmJmYjczMC1lY2FhLTExZTYtOGY4OC0zNDM2M2JjN2M0YzAiOnsiY3JlYXRlIjoxODAwMDAwMDAwMDAwLCJkZWxldGUiOjE4MDAwMDAwMDAwMDAsInJlYWQiOjMwMDAwMDAwMDAwMCwidXBkYXRlIjoxODAwMDAwMDAwMDAwfX0=",
          "dependencies": [
            "azurerm_resource_group.Deep-rg"
          ]
        }
      ]
    }
  ],
  "check_results": null
}
